
Microsoft Visual Studio Solution File, Format Version 12.00
# Visual Studio Version 17
VisualStudioVersion = 17.14.36301.6
MinimumVisualStudioVersion = 10.0.40219.1
Project("{FAE04EC0-301F-11D3-BF4B-00C04F79EFBC}") = "HHH_EmployeeManagement.API", "HHH_EmployeeManagement.API\HHH_EmployeeManagement.API.csproj", "{3E256829-01CF-422E-9740-D40CE09D7229}"
EndProject
Project("{E24C65DC-7377-472B-9ABA-BC803B73C61A}") = "employee-management-frontend", "employee-management-frontend\", "{6BA2BF4B-7738-6E5E-DC24-FD98F7732424}"
	ProjectSection(WebsiteProperties) = preProject
		TargetFrameworkMoniker = ".NETFramework,Version%3Dv4.0"
		Debug.AspNetCompiler.VirtualPath = "/localhost_54087"
		Debug.AspNetCompiler.PhysicalPath = "employee-management-frontend\"
		Debug.AspNetCompiler.TargetPath = "PrecompiledWeb\localhost_54087\"
		Debug.AspNetCompiler.Updateable = "true"
		Debug.AspNetCompiler.ForceOverwrite = "true"
		Debug.AspNetCompiler.FixedNames = "false"
		Debug.AspNetCompiler.Debug = "True"
		Release.AspNetCompiler.VirtualPath = "/localhost_54087"
		Release.AspNetCompiler.PhysicalPath = "employee-management-frontend\"
		Release.AspNetCompiler.TargetPath = "PrecompiledWeb\localhost_54087\"
		Release.AspNetCompiler.Updateable = "true"
		Release.AspNetCompiler.ForceOverwrite = "true"
		Release.AspNetCompiler.FixedNames = "false"
		Release.AspNetCompiler.Debug = "False"
		VWDPort = "54087"
		SlnRelativePath = "employee-management-frontend\"
	EndProjectSection
EndProject
Global
	GlobalSection(SolutionConfigurationPlatforms) = preSolution
		Debug|Any CPU = Debug|Any CPU
		Release|Any CPU = Release|Any CPU
	EndGlobalSection
	GlobalSection(ProjectConfigurationPlatforms) = postSolution
		{3E256829-01CF-422E-9740-D40CE09D7229}.Debug|Any CPU.ActiveCfg = Debug|Any CPU
		{3E256829-01CF-422E-9740-D40CE09D7229}.Debug|Any CPU.Build.0 = Debug|Any CPU
		{3E256829-01CF-422E-9740-D40CE09D7229}.Release|Any CPU.ActiveCfg = Release|Any CPU
		{3E256829-01CF-422E-9740-D40CE09D7229}.Release|Any CPU.Build.0 = Release|Any CPU
		{6BA2BF4B-7738-6E5E-DC24-FD98F7732424}.Debug|Any CPU.ActiveCfg = Debug|Any CPU
		{6BA2BF4B-7738-6E5E-DC24-FD98F7732424}.Debug|Any CPU.Build.0 = Debug|Any CPU
		{6BA2BF4B-7738-6E5E-DC24-FD98F7732424}.Release|Any CPU.ActiveCfg = Debug|Any CPU
		{6BA2BF4B-7738-6E5E-DC24-FD98F7732424}.Release|Any CPU.Build.0 = Debug|Any CPU
	EndGlobalSection
	GlobalSection(SolutionProperties) = preSolution
		HideSolutionNode = FALSE
	EndGlobalSection
	GlobalSection(ExtensibilityGlobals) = postSolution
		SolutionGuid = {804E9F12-6DBA-4A49-B30B-1923B76BEC5B}
	EndGlobalSection
EndGlobal
